{
  "name": "huggingface",
  "version": "1.0.0",
  "lockfileVersion": 3,
  "requires": true,
  "packages": {
    "": {
      "name": "huggingface",
      "version": "1.0.0",
      "license": "ISC",
      "dependencies": {
        "@huggingface/inference": "^2.8.0"
      }
    },
    "node_modules/@huggingface/inference": {
      "version": "2.8.0",
      "resolved": "https://registry.npmjs.org/@huggingface/inference/-/inference-2.8.0.tgz",
      "integrity": "sha512-Ti681P1qckcCAqgzmL53jBnluPuZGelmMIuXNjgAwC5+RIjF4S0SDQu6oy44ZTwekwNp2ETaZ2sXsOk+45aC4w==",
      "dependencies": {
        "@huggingface/tasks": "^0.11.2"
      },
      "engines": {
        "node": ">=18"
      }
    },
    "node_modules/@huggingface/tasks": {
      "version": "0.11.12",
      "resolved": "https://registry.npmjs.org/@huggingface/tasks/-/tasks-0.11.12.tgz",
      "integrity": "sha512-ZlVKbj24vPhvc6Ie1OJkO3ggXMpmfEV5NmbibcIuTC8LHfKGzNaG5QhUQ17+VLXUhvAT5XgHkHSP5L9xC09M7Q=="
    }
  }
}
